// !$*UTF8*$!
{
	archiveVersion = 1;
	classes = {
	};
	objectVersion = 46;
	objects = {

/* Begin PBXBuildFile section */
		B8FAF7D91C15BD1E00C9F69E /* AppDelegate.swift in Sources */ = {isa = PBXBuildFile; fileRef = B8FAF7D81C15BD1E00C9F69E /* AppDelegate.swift */; };
		B8FAF7DB1C15BD1E00C9F69E /* ViewController.swift in Sources */ = {isa = PBXBuildFile; fileRef = B8FAF7DA1C15BD1E00C9F69E /* ViewController.swift */; };
		B8FAF7DE1C15BD1E00C9F69E /* Main.storyboard in Resources */ = {isa = PBXBuildFile; fileRef = B8FAF7DC1C15BD1E00C9F69E /* Main.storyboard */; };
		B8FAF7E01C15BD1E00C9F69E /* Assets.xcassets in Resources */ = {isa = PBXBuildFile; fileRef = B8FAF7DF1C15BD1E00C9F69E /* Assets.xcassets */; };
		B8FAF7E31C15BD1E00C9F69E /* LaunchScreen.storyboard in Resources */ = {isa = PBXBuildFile; fileRef = B8FAF7E11C15BD1E00C9F69E /* LaunchScreen.storyboard */; };
/* End PBXBuildFile section */

/* Begin PBXFileReference section */
		B8FAF7D51C15BD1D00C9F69E /* checkBeaconss.app */ = {isa = PBXFileReference; explicitFileType = wrapper.application; includeInIndex = 0; path = checkBeaconss.app; sourceTree = BUILT_PRODUCTS_DIR; };
		B8FAF7D81C15BD1E00C9F69E /* AppDelegate.swift */ = {isa = PBXFileReference; lastKnownFileType = sourcecode.swift; path = AppDelegate.swift; sourceTree = "<group>"; };
		B8FAF7DA1C15BD1E00C9F69E /* ViewController.swift */ = {isa = PBXFileReference; lastKnownFileType = sourcecode.swift; path = ViewController.swift; sourceTree = "<group>"; };
		B8FAF7DD1C15BD1E00C9F69E /* Base */ = {isa = PBXFileReference; lastKnownFileType = file.storyboard; name = Base; path = Base.lproj/Main.storyboard; sourceTree = "<group>"; };
		B8FAF7DF1C15BD1E00C9F69E /* Assets.xcassets */ = {isa = PBXFileReference; lastKnownFileType = folder.assetcatalog; path = Assets.xcassets; sourceTree = "<group>"; };
		B8FAF7E21C15BD1E00C9F69E /* Base */ = {isa = PBXFileReference; lastKnownFileType = file.storyboard; name = Base; path = Base.lproj/LaunchScreen.storyboard; sourceTree = "<group>"; };
		B8FAF7E41C15BD1E00C9F69E /* Info.plist */ = {isa = PBXFileReference; lastKnownFileType = text.plist.xml; path = Info.plist; sourceTree = "<group>"; };
/* End PBXFileReference section */

/* Begin PBXFrameworksBuildPhase section */
		B8FAF7D21C15BD1D00C9F69E /* Frameworks */ = {
			isa = PBXFrameworksBuildPhase;
			buildActionMask = 2147483647;
			files = (
			);
			runOnlyForDeploymentPostprocessing = 0;
		};
/* End PBXFrameworksBuildPhase section */

/* Begin PBXGroup section */
		B8FAF7CC1C15BD1D00C9F69E = {
			isa = PBXGroup;
			children = (
				B8FAF7D71C15BD1E00C9F69E /* checkBeaconss */,
				B8FAF7D61C15BD1D00C9F69E /* Products */,
			);
			sourceTree = "<group>";
		};
		B8FAF7D61C15BD1D00C9F69E /* Products */ = {
			isa = PBXGroup;
			children = (
				B8FAF7D51C15BD1D00C9F69E /* checkBeaconss.app */,
			);
			name = Products;
			sourceTree = "<group>";
		};
		B8FAF7D71C15BD1E00C9F69E /* checkBeaconss */ = {
			isa = PBXGroup;
			children = (
				B8FAF7D81C15BD1E00C9F69E /* AppDelegate.swift */,
				B8FAF7DA1C15BD1E00C9F69E /* ViewController.swift */,
				B8FAF7DC1C15BD1E00C9F69E /* Main.storyboard */,
				B8FAF7DF1C15BD1E00C9F69E /* Assets.xcassets */,
				B8FAF7E11C15BD1E00C9F69E /* LaunchScreen.storyboard */,
				B8FAF7E41C15BD1E00C9F69E /* Info.plist */,
			);
			path = checkBeaconss;
			sourceTree = "<group>";
		};
/* End PBXGroup section */

/* Begin PBXNativeTarget section */
		B8FAF7D41C15BD1D00C9F69E /* checkBeaconss */ = {
			isa = PBXNativeTarget;
			buildConfigurationList = B8FAF7E71C15BD1E00C9F69E /* Build configuration list for PBXNativeTarget "checkBeaconss" */;
			buildPhases = (
				B8FAF7D11C15BD1D00C9F69E /* Sources */,
				B8FAF7D21C15BD1D00C9F69E /* Frameworks */,
				B8FAF7D31C15BD1D00C9F69E /* Resources */,
			);
			buildRules = (
			);
			dependencies = (
			);
			name = checkBeaconss;
			productName = checkBeaconss;
			productReference = B8FAF7D51C15BD1D00C9F69E /* checkBeaconss.app */;
			productType = "com.apple.product-type.application";
		};
/* End PBXNativeTarget section */

/* Begin PBXProject section */
		B8FAF7CD1C15BD1D00C9F69E /* Project object */ = {
			isa = PBXProject;
			attributes = {
				LastSwiftUpdateCheck = 0710;
				LastUpgradeCheck = 0710;
				ORGANIZATIONNAME = "Kapil Rathore";
				TargetAttributes = {
					B8FAF7D41C15BD1D00C9F69E = {
						CreatedOnToolsVersion = 7.1.1;
						DevelopmentTeam = TMG254D42M;
					};
				};
			};
			buildConfigurationList = B8FAF7D01C15BD1D00C9F69E /* Build configuration list for PBXProject "checkBeaconss" */;
			compatibilityVersion = "Xcode 3.2";
			developmentRegion = English;
			hasScannedForEncodings = 0;
			knownRegions = (
				en,
				Base,
			);
			mainGroup = B8FAF7CC1C15BD1D00C9F69E;
			productRefGroup = B8FAF7D61C15BD1D00C9F69E /* Products */;
			projectDirPath = "";
			projectRoot = "";
			targets = (
				B8FAF7D41C15BD1D00C9F69E /* checkBeaconss */,
			);
		};
/* End PBXProject section */

/* Begin PBXResourcesBuildPhase section */
		B8FAF7D31C15BD1D00C9F69E /* Resources */ = {
			isa = PBXResourcesBuildPhase;
			buildActionMask = 2147483647;
			files = (
				B8FAF7E31C15BD1E00C9F69E /* LaunchScreen.storyboard in Resources */,
				B8FAF7E01C15BD1E00C9F69E /* Assets.xcassets in Resources */,
				B8FAF7DE1C15BD1E00C9F69E /* Main.storyboard in Resources */,
			);
			runOnlyForDeploymentPostprocessing = 0;
		};
/* End PBXResourcesBuildPhase section */

/* Begin PBXSourcesBuildPhase section */
		B8FAF7D11C15BD1D00C9F69E /* Sources */ = {
			isa = PBXSourcesBuildPhase;
			buildActionMask = 2147483647;
			files = (
				B8FAF7DB1C15BD1E00C9F69E /* ViewController.swift in Sources */,
				B8FAF7D91C15BD1E00C9F69E /* AppDelegate.swift in Sources */,
			);
			runOnlyForDeploymentPostprocessing = 0;
		};
/* End PBXSourcesBuildPhase section */

/* Begin PBXVariantGroup section */
		B8FAF7DC1C15BD1E00C9F69E /* Main.storyboard */ = {
			isa = PBXVariantGroup;
			children = (
				B8FAF7DD1C15BD1E00C9F69E /* Base */,
			);
			name = Main.storyboard;
			sourceTree = "<group>";
		};
		B8FAF7E11C15BD1E00C9F69E /* LaunchScreen.storyboard */ = {
			isa = PBXVariantGroup;
			children = (
				B8FAF7E21C15BD1E00C9F69E /* Base */,
			);
			name = LaunchScreen.storyboard;
			sourceTree = "<group>";
		};
/* End PBXVariantGroup section */

/* Begin XCBuildConfiguration section */
		B8FAF7E51C15BD1E00C9F69E /* Debug */ = {
			isa = XCBuildConfiguration;
			buildSettings = {
				ALWAYS_SEARCH_USER_PATHS = NO;
				CLANG_CXX_LANGUAGE_STANDARD = "gnu++0x";
				CLANG_CXX_LIBRARY = "libc++";
				CLANG_ENABLE_MODULES = YES;
				CLANG_ENABLE_OBJC_ARC = YES;
				CLANG_WARN_BOOL_CONVERSION = YES;
				CLANG_WARN_CONSTANT_CONVERSION = YES;
				CLANG_WARN_DIRECT_OBJC_ISA_USAGE = YES_ERROR;
				CLANG_WARN_EMPTY_BODY = YES;
				CLANG_WARN_ENUM_CONVERSION = YES;
				CLANG_WARN_INT_CONVERSION = YES;
				CLANG_WARN_OBJC_ROOT_CLASS = YES_ERROR;
				CLANG_WARN_UNREACHABLE_CODE = YES;
				CLANG_WARN__DUPLICATE_METHOD_MATCH = YES;
				"CODE_SIGN_IDENTITY[sdk=iphoneos*]" = "iPhone Developer";
				COPY_PHASE_STRIP = NO;
				DEBUG_INFORMATION_FORMAT = dwarf;
				ENABLE_STRICT_OBJC_MSGSEND = YES;
				ENABLE_TESTABILITY = YES;
				GCC_C_LANGUAGE_STANDARD = gnu99;
				GCC_DYNAMIC_NO_PIC = NO;
				GCC_NO_COMMON_BLOCKS = YES;
				GCC_OPTIMIZATION_LEVEL = 0;
				GCC_PREPROCESSOR_DEFINITIONS = (
					"DEBUG=1",
					"$(inherited)",
				);
				GCC_WARN_64_TO_32_BIT_CONVERSION = YES;
				GCC_WARN_ABOUT_RETURN_TYPE = YES_ERROR;
				GCC_WARN_UNDECLARED_SELECTOR = YES;
				GCC_WARN_UNINITIALIZED_AUTOS = YES_AGGRESSIVE;
				GCC_WARN_UNUSED_FUNCTION = YES;
				GCC_WARN_UNUSED_VARIABLE = YES;
				IPHONEOS_DEPLOYMENT_TARGET = 9.1;
				MTL_ENABLE_DEBUG_INFO = YES;
				ONLY_ACTIVE_ARCH = YES;
				SDKROOT = iphoneos;
				SWIFT_OPTIMIZATION_LEVEL = "-Onone";
			};
			name = Debug;
		};
		B8FAF7E61C15BD1E00C9F69E /* Release */ = {
			isa = XCBuildConfiguration;
			buildSettings = {
				ALWAYS_SEARCH_USER_PATHS = NO;
				CLANG_CXX_LANGUAGE_STANDARD = "gnu++0x";
				CLANG_CXX_LIBRARY = "libc++";
				CLANG_ENABLE_MODULES = YES;
				CLANG_ENABLE_OBJC_ARC = YES;
				CLANG_WARN_BOOL_CONVERSION = YES;
				CLANG_WARN_CONSTANT_CONVERSION = YES;
				CLANG_WARN_DIRECT_OBJC_ISA_USAGE = YES_ERROR;
				CLANG_WARN_EMPTY_BODY = YES;
				CLANG_WARN_ENUM_CONVERSION = YES;
				CLANG_WARN_INT_CONVERSION = YES;
				CLANG_WARN_OBJC_ROOT_CLASS = YES_ERROR;
				CLANG_WARN_UNREACHABLE_CODE = YES;
				CLANG_WARN__DUPLICATE_METHOD_MATCH = YES;
				"CODE_SIGN_IDENTITY[sdk=iphoneos*]" = "iPhone Developer";
				COPY_PHASE_STRIP = NO;
				DEBUG_INFORMATION_FORMAT = "dwarf-with-dsym";
				ENABLE_NS_ASSERTIONS = NO;
				ENABLE_STRICT_OBJC_MSGSEND = YES;
				GCC_C_LANGUAGE_STANDARD = gnu99;
				GCC_NO_COMMON_BLOCKS = YES;
				GCC_WARN_64_TO_32_BIT_CONVERSION = YES;
				GCC_WARN_ABOUT_RETURN_TYPE = YES_ERROR;
				GCC_WARN_UNDECLARED_SELECTOR = YES;
				GCC_WARN_UNINITIALIZED_AUTOS = YES_AGGRESSIVE;
				GCC_WARN_UNUSED_FUNCTION = YES;
				GCC_WARN_UNUSED_VARIABLE = YES;
				IPHONEOS_DEPLOYMENT_TARGET = 9.1;
				MTL_ENABLE_DEBUG_INFO = NO;
				SDKROOT = iphoneos;
				VALIDATE_PRODUCT = YES;
			};
			name = Release;
		};
		B8FAF7E81C15BD1E00C9F69E /* Debug */ = {
			isa = XCBuildConfiguration;
			buildSettings = {
				ASSETCATALOG_COMPILER_APPICON_NAME = AppIcon;
				INFOPLIST_FILE = checkBeaconss/Info.plist;
				LD_RUNPATH_SEARCH_PATHS = "$(inherited) @executable_path/Frameworks";
				PRODUCT_BUNDLE_IDENTIFIER = in.kapilrathore.checkBeaconss;
				PRODUCT_NAME = "$(TARGET_NAME)";
			};
			name = Debug;
		};
		B8FAF7E91C15BD1E00C9F69E /* Release */ = {
			isa = XCBuildConfiguration;
			buildSettings = {
				ASSETCATALOG_COMPILER_APPICON_NAME = AppIcon;
				INFOPLIST_FILE = checkBeaconss/Info.plist;
				LD_RUNPATH_SEARCH_PATHS = "$(inherited) @executable_path/Frameworks";
				PRODUCT_BUNDLE_IDENTIFIER = in.kapilrathore.checkBeaconss;
				PRODUCT_NAME = "$(TARGET_NAME)";
			};
			name = Release;
		};
/* End XCBuildConfiguration section */

/* Begin XCConfigurationList section */
		B8FAF7D01C15BD1D00C9F69E /* Build configuration list for PBXProject "checkBeaconss" */ = {
			isa = XCConfigurationList;
			buildConfigurations = (
				B8FAF7E51C15BD1E00C9F69E /* Debug */,
				B8FAF7E61C15BD1E00C9F69E /* Release */,
			);
			defaultConfigurationIsVisible = 0;
			defaultConfigurationName = Release;
		};
		B8FAF7E71C15BD1E00C9F69E /* Build configuration list for PBXNativeTarget "checkBeaconss" */ = {
			isa = XCConfigurationList;
			buildConfigurations = (
				B8FAF7E81C15BD1E00C9F69E /* Debug */,
				B8FAF7E91C15BD1E00C9F69E /* Release */,
			);
			defaultConfigurationIsVisible = 0;
		};
/* End XCConfigurationList section */
	};
	rootObject = B8FAF7CD1C15BD1D00C9F69E /* Project object */;
}
